
Microsoft Visual Studio Solution File, Format Version 12.00
# Visual Studio Version 17
VisualStudioVersion = 17.5.33530.505
MinimumVisualStudioVersion = 10.0.40219.1
Project("{8BC9CEB8-8B4A-11D0-8D11-00A0C91BC942}") = "内联汇编加载", "内联汇编加载\内联汇编加载.vcxproj", "{AF795923-3010-4BFD-A2D9-9A48637CC891}"
EndProject
Project("{8BC9CEB8-8B4A-11D0-8D11-00A0C91BC942}") = "资源节加载", "资源节加载\资源节加载.vcxproj", "{FBBBF75F-F587-4E6C-87C3-98DBBC5A5A08}"
EndProject
Project("{8BC9CEB8-8B4A-11D0-8D11-00A0C91BC942}") = "函数指针加载", "函数指针加载\函数指针加载.vcxproj", "{F5725E79-ACC1-4D70-A9BA-80E66BDDB443}"
EndProject
Project("{8BC9CEB8-8B4A-11D0-8D11-00A0C91BC942}") = "创建堆加载", "创建堆加载\创建堆加载.vcxproj", "{91F87A65-A662-474B-9B59-D76D819CDF5E}"
EndProject
Project("{8BC9CEB8-8B4A-11D0-8D11-00A0C91BC942}") = "创建线程加载", "创建线程加载\创建线程加载.vcxproj", "{420E832A-3465-41F7-99EF-ECFA76CE44E3}"
EndProject
Project("{8BC9CEB8-8B4A-11D0-8D11-00A0C91BC942}") = "APC加载", "APC加载\APC加载.vcxproj", "{4C4075E3-FE60-468C-99FD-AD740CEAAEF3}"
EndProject
Project("{8BC9CEB8-8B4A-11D0-8D11-00A0C91BC942}") = "回调函数加载", "回调函数加载\回调函数加载.vcxproj", "{81D32663-1F9B-40BD-8648-1801BB9CFB73}"
EndProject
Project("{8BC9CEB8-8B4A-11D0-8D11-00A0C91BC942}") = "UUID加载", "UUID加载\UUID加载.vcxproj", "{E7AB54DC-3AEF-41B5-9639-F26690669F89}"
EndProject
Project("{8BC9CEB8-8B4A-11D0-8D11-00A0C91BC942}") = "SEH加载", "SEH加载\SEH加载.vcxproj", "{3CE34905-FF46-4ABA-80D1-7C94D6D90E9F}"
EndProject
Project("{8BC9CEB8-8B4A-11D0-8D11-00A0C91BC942}") = "TLS加载", "TLS加载\TLS加载.vcxproj", "{DF516D32-E7BE-4E9D-969E-7B6BE1CDBC6C}"
EndProject
Project("{8BC9CEB8-8B4A-11D0-8D11-00A0C91BC942}") = "Dll镂空注入", "Dll镂空注入\Dll镂空注入.vcxproj", "{AAA67226-1F74-43FB-93E0-3B29BD4036DD}"
EndProject
Project("{8BC9CEB8-8B4A-11D0-8D11-00A0C91BC942}") = "线程池等待加载", "线程池等待加载\线程池等待加载.vcxproj", "{166D45BE-6752-465B-9783-A1C8EF28C01E}"
EndProject
Project("{8BC9CEB8-8B4A-11D0-8D11-00A0C91BC942}") = "动态api加载_x86", "动态api加载\动态api加载.vcxproj", "{664C0984-BCC7-4367-8DC7-0B15A1C18E2C}"
EndProject
Project("{8BC9CEB8-8B4A-11D0-8D11-00A0C91BC942}") = "动态api加载_x64", "动态api加载_x64\动态api加载_x64.vcxproj", "{D4767B60-FBE0-4B08-8D36-18118C6B2099}"
EndProject
Project("{8BC9CEB8-8B4A-11D0-8D11-00A0C91BC942}") = "进程镂空注入", "进程镂空注入\进程镂空注入.vcxproj", "{4266B8F8-BE29-49C2-9972-852A2973A72C}"
EndProject
Global
	GlobalSection(SolutionConfigurationPlatforms) = preSolution
		Debug|x64 = Debug|x64
		Debug|x86 = Debug|x86
		Release|x64 = Release|x64
		Release|x86 = Release|x86
	EndGlobalSection
	GlobalSection(ProjectConfigurationPlatforms) = postSolution
		{AF795923-3010-4BFD-A2D9-9A48637CC891}.Debug|x64.ActiveCfg = Debug|x64
		{AF795923-3010-4BFD-A2D9-9A48637CC891}.Debug|x64.Build.0 = Debug|x64
		{AF795923-3010-4BFD-A2D9-9A48637CC891}.Debug|x86.ActiveCfg = Debug|Win32
		{AF795923-3010-4BFD-A2D9-9A48637CC891}.Debug|x86.Build.0 = Debug|Win32
		{AF795923-3010-4BFD-A2D9-9A48637CC891}.Release|x64.ActiveCfg = Release|x64
		{AF795923-3010-4BFD-A2D9-9A48637CC891}.Release|x64.Build.0 = Release|x64
		{AF795923-3010-4BFD-A2D9-9A48637CC891}.Release|x86.ActiveCfg = Release|Win32
		{AF795923-3010-4BFD-A2D9-9A48637CC891}.Release|x86.Build.0 = Release|Win32
		{FBBBF75F-F587-4E6C-87C3-98DBBC5A5A08}.Debug|x64.ActiveCfg = Debug|x64
		{FBBBF75F-F587-4E6C-87C3-98DBBC5A5A08}.Debug|x64.Build.0 = Debug|x64
		{FBBBF75F-F587-4E6C-87C3-98DBBC5A5A08}.Debug|x86.ActiveCfg = Debug|Win32
		{FBBBF75F-F587-4E6C-87C3-98DBBC5A5A08}.Debug|x86.Build.0 = Debug|Win32
		{FBBBF75F-F587-4E6C-87C3-98DBBC5A5A08}.Release|x64.ActiveCfg = Release|x64
		{FBBBF75F-F587-4E6C-87C3-98DBBC5A5A08}.Release|x64.Build.0 = Release|x64
		{FBBBF75F-F587-4E6C-87C3-98DBBC5A5A08}.Release|x86.ActiveCfg = Release|Win32
		{FBBBF75F-F587-4E6C-87C3-98DBBC5A5A08}.Release|x86.Build.0 = Release|Win32
		{F5725E79-ACC1-4D70-A9BA-80E66BDDB443}.Debug|x64.ActiveCfg = Debug|x64
		{F5725E79-ACC1-4D70-A9BA-80E66BDDB443}.Debug|x64.Build.0 = Debug|x64
		{F5725E79-ACC1-4D70-A9BA-80E66BDDB443}.Debug|x86.ActiveCfg = Debug|Win32
		{F5725E79-ACC1-4D70-A9BA-80E66BDDB443}.Debug|x86.Build.0 = Debug|Win32
		{F5725E79-ACC1-4D70-A9BA-80E66BDDB443}.Release|x64.ActiveCfg = Release|x64
		{F5725E79-ACC1-4D70-A9BA-80E66BDDB443}.Release|x64.Build.0 = Release|x64
		{F5725E79-ACC1-4D70-A9BA-80E66BDDB443}.Release|x86.ActiveCfg = Release|Win32
		{F5725E79-ACC1-4D70-A9BA-80E66BDDB443}.Release|x86.Build.0 = Release|Win32
		{91F87A65-A662-474B-9B59-D76D819CDF5E}.Debug|x64.ActiveCfg = Debug|x64
		{91F87A65-A662-474B-9B59-D76D819CDF5E}.Debug|x64.Build.0 = Debug|x64
		{91F87A65-A662-474B-9B59-D76D819CDF5E}.Debug|x86.ActiveCfg = Debug|Win32
		{91F87A65-A662-474B-9B59-D76D819CDF5E}.Debug|x86.Build.0 = Debug|Win32
		{91F87A65-A662-474B-9B59-D76D819CDF5E}.Release|x64.ActiveCfg = Release|x64
		{91F87A65-A662-474B-9B59-D76D819CDF5E}.Release|x64.Build.0 = Release|x64
		{91F87A65-A662-474B-9B59-D76D819CDF5E}.Release|x86.ActiveCfg = Release|Win32
		{91F87A65-A662-474B-9B59-D76D819CDF5E}.Release|x86.Build.0 = Release|Win32
		{420E832A-3465-41F7-99EF-ECFA76CE44E3}.Debug|x64.ActiveCfg = Debug|x64
		{420E832A-3465-41F7-99EF-ECFA76CE44E3}.Debug|x64.Build.0 = Debug|x64
		{420E832A-3465-41F7-99EF-ECFA76CE44E3}.Debug|x86.ActiveCfg = Debug|Win32
		{420E832A-3465-41F7-99EF-ECFA76CE44E3}.Debug|x86.Build.0 = Debug|Win32
		{420E832A-3465-41F7-99EF-ECFA76CE44E3}.Release|x64.ActiveCfg = Release|x64
		{420E832A-3465-41F7-99EF-ECFA76CE44E3}.Release|x64.Build.0 = Release|x64
		{420E832A-3465-41F7-99EF-ECFA76CE44E3}.Release|x86.ActiveCfg = Release|Win32
		{420E832A-3465-41F7-99EF-ECFA76CE44E3}.Release|x86.Build.0 = Release|Win32
		{4C4075E3-FE60-468C-99FD-AD740CEAAEF3}.Debug|x64.ActiveCfg = Debug|x64
		{4C4075E3-FE60-468C-99FD-AD740CEAAEF3}.Debug|x64.Build.0 = Debug|x64
		{4C4075E3-FE60-468C-99FD-AD740CEAAEF3}.Debug|x86.ActiveCfg = Debug|Win32
		{4C4075E3-FE60-468C-99FD-AD740CEAAEF3}.Debug|x86.Build.0 = Debug|Win32
		{4C4075E3-FE60-468C-99FD-AD740CEAAEF3}.Release|x64.ActiveCfg = Release|x64
		{4C4075E3-FE60-468C-99FD-AD740CEAAEF3}.Release|x64.Build.0 = Release|x64
		{4C4075E3-FE60-468C-99FD-AD740CEAAEF3}.Release|x86.ActiveCfg = Release|Win32
		{4C4075E3-FE60-468C-99FD-AD740CEAAEF3}.Release|x86.Build.0 = Release|Win32
		{81D32663-1F9B-40BD-8648-1801BB9CFB73}.Debug|x64.ActiveCfg = Debug|x64
		{81D32663-1F9B-40BD-8648-1801BB9CFB73}.Debug|x64.Build.0 = Debug|x64
		{81D32663-1F9B-40BD-8648-1801BB9CFB73}.Debug|x86.ActiveCfg = Debug|Win32
		{81D32663-1F9B-40BD-8648-1801BB9CFB73}.Debug|x86.Build.0 = Debug|Win32
		{81D32663-1F9B-40BD-8648-1801BB9CFB73}.Release|x64.ActiveCfg = Release|x64
		{81D32663-1F9B-40BD-8648-1801BB9CFB73}.Release|x64.Build.0 = Release|x64
		{81D32663-1F9B-40BD-8648-1801BB9CFB73}.Release|x86.ActiveCfg = Release|Win32
		{81D32663-1F9B-40BD-8648-1801BB9CFB73}.Release|x86.Build.0 = Release|Win32
		{E7AB54DC-3AEF-41B5-9639-F26690669F89}.Debug|x64.ActiveCfg = Debug|x64
		{E7AB54DC-3AEF-41B5-9639-F26690669F89}.Debug|x64.Build.0 = Debug|x64
		{E7AB54DC-3AEF-41B5-9639-F26690669F89}.Debug|x86.ActiveCfg = Debug|Win32
		{E7AB54DC-3AEF-41B5-9639-F26690669F89}.Debug|x86.Build.0 = Debug|Win32
		{E7AB54DC-3AEF-41B5-9639-F26690669F89}.Release|x64.ActiveCfg = Release|x64
		{E7AB54DC-3AEF-41B5-9639-F26690669F89}.Release|x64.Build.0 = Release|x64
		{E7AB54DC-3AEF-41B5-9639-F26690669F89}.Release|x86.ActiveCfg = Release|Win32
		{E7AB54DC-3AEF-41B5-9639-F26690669F89}.Release|x86.Build.0 = Release|Win32
		{3CE34905-FF46-4ABA-80D1-7C94D6D90E9F}.Debug|x64.ActiveCfg = Debug|x64
		{3CE34905-FF46-4ABA-80D1-7C94D6D90E9F}.Debug|x64.Build.0 = Debug|x64
		{3CE34905-FF46-4ABA-80D1-7C94D6D90E9F}.Debug|x86.ActiveCfg = Debug|Win32
		{3CE34905-FF46-4ABA-80D1-7C94D6D90E9F}.Debug|x86.Build.0 = Debug|Win32
		{3CE34905-FF46-4ABA-80D1-7C94D6D90E9F}.Release|x64.ActiveCfg = Release|x64
		{3CE34905-FF46-4ABA-80D1-7C94D6D90E9F}.Release|x64.Build.0 = Release|x64
		{3CE34905-FF46-4ABA-80D1-7C94D6D90E9F}.Release|x86.ActiveCfg = Release|Win32
		{3CE34905-FF46-4ABA-80D1-7C94D6D90E9F}.Release|x86.Build.0 = Release|Win32
		{DF516D32-E7BE-4E9D-969E-7B6BE1CDBC6C}.Debug|x64.ActiveCfg = Debug|x64
		{DF516D32-E7BE-4E9D-969E-7B6BE1CDBC6C}.Debug|x64.Build.0 = Debug|x64
		{DF516D32-E7BE-4E9D-969E-7B6BE1CDBC6C}.Debug|x86.ActiveCfg = Debug|Win32
		{DF516D32-E7BE-4E9D-969E-7B6BE1CDBC6C}.Debug|x86.Build.0 = Debug|Win32
		{DF516D32-E7BE-4E9D-969E-7B6BE1CDBC6C}.Release|x64.ActiveCfg = Release|x64
		{DF516D32-E7BE-4E9D-969E-7B6BE1CDBC6C}.Release|x64.Build.0 = Release|x64
		{DF516D32-E7BE-4E9D-969E-7B6BE1CDBC6C}.Release|x86.ActiveCfg = Release|Win32
		{DF516D32-E7BE-4E9D-969E-7B6BE1CDBC6C}.Release|x86.Build.0 = Release|Win32
		{AAA67226-1F74-43FB-93E0-3B29BD4036DD}.Debug|x64.ActiveCfg = Debug|x64
		{AAA67226-1F74-43FB-93E0-3B29BD4036DD}.Debug|x64.Build.0 = Debug|x64
		{AAA67226-1F74-43FB-93E0-3B29BD4036DD}.Debug|x86.ActiveCfg = Debug|Win32
		{AAA67226-1F74-43FB-93E0-3B29BD4036DD}.Debug|x86.Build.0 = Debug|Win32
		{AAA67226-1F74-43FB-93E0-3B29BD4036DD}.Release|x64.ActiveCfg = Release|x64
		{AAA67226-1F74-43FB-93E0-3B29BD4036DD}.Release|x64.Build.0 = Release|x64
		{AAA67226-1F74-43FB-93E0-3B29BD4036DD}.Release|x86.ActiveCfg = Release|Win32
		{AAA67226-1F74-43FB-93E0-3B29BD4036DD}.Release|x86.Build.0 = Release|Win32
		{166D45BE-6752-465B-9783-A1C8EF28C01E}.Debug|x64.ActiveCfg = Debug|x64
		{166D45BE-6752-465B-9783-A1C8EF28C01E}.Debug|x64.Build.0 = Debug|x64
		{166D45BE-6752-465B-9783-A1C8EF28C01E}.Debug|x86.ActiveCfg = Debug|Win32
		{166D45BE-6752-465B-9783-A1C8EF28C01E}.Debug|x86.Build.0 = Debug|Win32
		{166D45BE-6752-465B-9783-A1C8EF28C01E}.Release|x64.ActiveCfg = Release|x64
		{166D45BE-6752-465B-9783-A1C8EF28C01E}.Release|x64.Build.0 = Release|x64
		{166D45BE-6752-465B-9783-A1C8EF28C01E}.Release|x86.ActiveCfg = Release|Win32
		{166D45BE-6752-465B-9783-A1C8EF28C01E}.Release|x86.Build.0 = Release|Win32
		{664C0984-BCC7-4367-8DC7-0B15A1C18E2C}.Debug|x64.ActiveCfg = Debug|x64
		{664C0984-BCC7-4367-8DC7-0B15A1C18E2C}.Debug|x64.Build.0 = Debug|x64
		{664C0984-BCC7-4367-8DC7-0B15A1C18E2C}.Debug|x86.ActiveCfg = Debug|Win32
		{664C0984-BCC7-4367-8DC7-0B15A1C18E2C}.Debug|x86.Build.0 = Debug|Win32
		{664C0984-BCC7-4367-8DC7-0B15A1C18E2C}.Release|x64.ActiveCfg = Release|x64
		{664C0984-BCC7-4367-8DC7-0B15A1C18E2C}.Release|x64.Build.0 = Release|x64
		{664C0984-BCC7-4367-8DC7-0B15A1C18E2C}.Release|x86.ActiveCfg = Release|Win32
		{664C0984-BCC7-4367-8DC7-0B15A1C18E2C}.Release|x86.Build.0 = Release|Win32
		{D4767B60-FBE0-4B08-8D36-18118C6B2099}.Debug|x64.ActiveCfg = Debug|x64
		{D4767B60-FBE0-4B08-8D36-18118C6B2099}.Debug|x64.Build.0 = Debug|x64
		{D4767B60-FBE0-4B08-8D36-18118C6B2099}.Debug|x86.ActiveCfg = Debug|Win32
		{D4767B60-FBE0-4B08-8D36-18118C6B2099}.Debug|x86.Build.0 = Debug|Win32
		{D4767B60-FBE0-4B08-8D36-18118C6B2099}.Release|x64.ActiveCfg = Release|x64
		{D4767B60-FBE0-4B08-8D36-18118C6B2099}.Release|x64.Build.0 = Release|x64
		{D4767B60-FBE0-4B08-8D36-18118C6B2099}.Release|x86.ActiveCfg = Release|Win32
		{D4767B60-FBE0-4B08-8D36-18118C6B2099}.Release|x86.Build.0 = Release|Win32
		{4266B8F8-BE29-49C2-9972-852A2973A72C}.Debug|x64.ActiveCfg = Debug|x64
		{4266B8F8-BE29-49C2-9972-852A2973A72C}.Debug|x64.Build.0 = Debug|x64
		{4266B8F8-BE29-49C2-9972-852A2973A72C}.Debug|x86.ActiveCfg = Debug|Win32
		{4266B8F8-BE29-49C2-9972-852A2973A72C}.Debug|x86.Build.0 = Debug|Win32
		{4266B8F8-BE29-49C2-9972-852A2973A72C}.Release|x64.ActiveCfg = Release|x64
		{4266B8F8-BE29-49C2-9972-852A2973A72C}.Release|x64.Build.0 = Release|x64
		{4266B8F8-BE29-49C2-9972-852A2973A72C}.Release|x86.ActiveCfg = Release|Win32
		{4266B8F8-BE29-49C2-9972-852A2973A72C}.Release|x86.Build.0 = Release|Win32
	EndGlobalSection
	GlobalSection(SolutionProperties) = preSolution
		HideSolutionNode = FALSE
	EndGlobalSection
	GlobalSection(ExtensibilityGlobals) = postSolution
		SolutionGuid = {33ADA376-D3D9-42F2-99B9-44067D6D8338}
	EndGlobalSection
EndGlobal
